# intent.lock — generated by `intent lock`. Commit it.
# A bundle, the language or the model changing must be reviewed and locked again; builds never pick up a change silently.
@language v25 sha256:8d8c6f4dc0f39a5d  docs/LANGUAGE.md
@model    claude-opus-5-5
std.feedback        sha256:31db5f907993c5f0  lib/std/feedback.intent
std.http.apiKey     sha256:99a954421f15b9ea  lib/std/http/apiKey.intent
std.http.cors       sha256:ef3649d9938b59b7  lib/std/http/cors.intent
std.http.secure     sha256:3f2fc2018b412a34  lib/std/http/secure.intent
std.http.sendKey    sha256:b2fdaf32f2301451  lib/std/http/sendKey.intent
std.list            sha256:d5b64414d6bd5e6c  lib/std/list.intent
std.text            sha256:6c75a74087e48a88  lib/std/text.intent
support.deskApi     sha256:be75af96fbe4ecae  lib/support/deskApi.intent
support.helpdesk    sha256:cf6f7541b02a6e70  lib/support/helpdesk.intent
support.tickets     sha256:e7ff2b7afa994a51  lib/support/tickets.intent
support.ticketsApi  sha256:d6fb409bada753d1  lib/support/ticketsApi.intent
ui.admin            sha256:0e064f09c33d0130  lib/ui/admin.intent
@override apps/14-supportdesk.intent sha256:db67e345743e0924 element pageTitle
@override apps/14-supportdesk.intent sha256:00416cfde0fa508f state sort
@override apps/14-supportdesk.intent sha256:0a1806a4838a6101 add to header after pageTitle
@override apps/14-supportdesk.intent sha256:2fbbf228c3122d56 example the inbox at a glance
@override apps/14-supportdesk.intent sha256:5ce0b42d788f0368 example paging
@override apps/14-supportdesk.intent sha256:e30db5fb46d816f5 example reading and replying
