# intent.lock — generated by `intent lock`. Commit it.
# A bundle, the language or the model changing must be reviewed and locked again; builds never pick up a change silently.
@language 1 sha256:f7edc21fe58b0d53  docs/LANGUAGE.md
@model    claude-opus-5-5
clinic.bookingsApi    sha256:3a25d560055abe47  lib/clinic/bookingsApi.intent
expenses.expenses     sha256:ffbeb168013888cc  lib/expenses/expenses.intent
expenses.expensesApi  sha256:a78c0c9047167a14  lib/expenses/expensesApi.intent
home.choresApi        sha256:d9028ed4420641c5  lib/home/choresApi.intent
intent.tools          sha256:f45a9168e0042d5e  lib/intent/tools.intent
kitchen.recipes       sha256:ea1fe5b62bcf0e48  lib/kitchen/recipes.intent
kitchen.recipesApi    sha256:d59d7be421372856  lib/kitchen/recipesApi.intent
lockers.lockers       sha256:1890a5e1813d6071  lib/lockers/lockers.intent
lockers.lockersApi    sha256:16fac22bd61f404e  lib/lockers/lockersApi.intent
notify.alerts         sha256:937d88372baf12e8  lib/notify/alerts.intent
notify.alertsApi      sha256:e63b2a6f6d74b5b5  lib/notify/alertsApi.intent
pay.payments          sha256:1a93e79cb43b89ff  lib/pay/payments.intent
pay.paymentsApi       sha256:db56c0782f13b7d1  lib/pay/paymentsApi.intent
raffle.raffleApi      sha256:ab9a3c69aceed940  lib/raffle/raffleApi.intent
std.actions           sha256:d6e87d9a9e4715e6  lib/std/actions.intent
std.crypto            sha256:3b2cbf81e5854a10  lib/std/crypto.intent
std.feedback          sha256:daca346adabc588a  lib/std/feedback.intent
std.http.apiKey       sha256:bccfbdf2f01c45b9  lib/std/http/apiKey.intent
std.http.cors         sha256:dc24fd88c9d2ff66  lib/std/http/cors.intent
std.http.secure       sha256:a7b4ed16155a3e32  lib/std/http/secure.intent
std.http.sendKey      sha256:f73976e55ea2335f  lib/std/http/sendKey.intent
std.list              sha256:e479d0fc20470c59  lib/std/list.intent
std.text              sha256:3dd79d58424efa96  lib/std/text.intent
support.deskApi       sha256:0a209fedf1527e59  lib/support/deskApi.intent
support.helpdesk      sha256:317ebd44ec6d0416  lib/support/helpdesk.intent
support.tickets       sha256:9317475c7d04b6dd  lib/support/tickets.intent
support.ticketsApi    sha256:cb9296189101a10e  lib/support/ticketsApi.intent
ui.admin              sha256:a36e4808d49a7f92  lib/ui/admin.intent
@override apps/14-supportdesk.intent sha256:db67e345743e0924 element pageTitle
@override apps/14-supportdesk.intent sha256:00416cfde0fa508f state sort
@override apps/14-supportdesk.intent sha256:0a1806a4838a6101 add to header after pageTitle
@override apps/14-supportdesk.intent sha256:2fbbf228c3122d56 example the inbox at a glance
@override apps/14-supportdesk.intent sha256:5ce0b42d788f0368 example paging
@override apps/14-supportdesk.intent sha256:e30db5fb46d816f5 example reading and replying
