# intent.lock — generated by `intent lock`. Commit it.
# A bundle whose content changes must be reviewed and locked again; builds never pick up a change silently.
std.feedback     sha256:8911b216ce8e4436  lib/std/feedback.intent
std.list         sha256:5d1e19c1d634a63f  lib/std/list.intent
support.tickets  sha256:55b5e356a21c4299  lib/support/tickets.intent
ui.admin         sha256:8026a39738109664  lib/ui/admin.intent
