# intent.lock — generated by `intent lock`. Commit it.
# A bundle, the language or the model changing must be reviewed and locked again; builds never pick up a change silently.
@language v29 sha256:d8684ea70e550f32  docs/LANGUAGE.md
@model    claude-opus-5-5
std.feedback      1.0.0 sha256:8911b216ce8e4436  .intent/deps/std.feedback@1.0.0.intent
std.list          1.0.0 sha256:5d1e19c1d634a63f  .intent/deps/std.list@1.0.0.intent
support.helpdesk  1.0.0 sha256:40d3a459fdad405e  .intent/deps/support.helpdesk@1.0.0.intent
support.tickets   1.0.0 sha256:55b5e356a21c4299  .intent/deps/support.tickets@1.0.0.intent
ui.admin          1.0.0 sha256:850a035a4c7fb52d  .intent/deps/ui.admin@1.0.0.intent
@override desk.intent sha256:80aa380f4ea56701 element pageTitle
@override desk.intent sha256:2fbbf228c3122d56 example the inbox at a glance
